
Microsoft Visual Studio Solution File, Format Version 12.00
# Visual Studio 15
VisualStudioVersion = 15.0.28307.1758
MinimumVisualStudioVersion = 10.0.40219.1
Project("{8BC9CEB8-8B4A-11D0-8D11-00A0C91BC942}") = "TcpIntecption", "TcpInterception\TcpInterception.vcxproj", "{FAAF4891-2DDC-406E-8AB0-985886405D80}"
EndProject
Global
	GlobalSection(SolutionConfigurationPlatforms) = preSolution
		Debug|x64 = Debug|x64
		Debug|x86 = Debug|x86
		Release|x64 = Release|x64
		Release|x86 = Release|x86
	EndGlobalSection
	GlobalSection(ProjectConfigurationPlatforms) = postSolution
		{FAAF4891-2DDC-406E-8AB0-985886405D80}.Debug|x64.ActiveCfg = Debug|x64
		{FAAF4891-2DDC-406E-8AB0-985886405D80}.Debug|x64.Build.0 = Debug|x64
		{FAAF4891-2DDC-406E-8AB0-985886405D80}.Debug|x64.Deploy.0 = Debug|x64
		{FAAF4891-2DDC-406E-8AB0-985886405D80}.Debug|x86.ActiveCfg = Debug|Win32
		{FAAF4891-2DDC-406E-8AB0-985886405D80}.Debug|x86.Build.0 = Debug|Win32
		{FAAF4891-2DDC-406E-8AB0-985886405D80}.Debug|x86.Deploy.0 = Debug|Win32
		{FAAF4891-2DDC-406E-8AB0-985886405D80}.Release|x64.ActiveCfg = Release|x64
		{FAAF4891-2DDC-406E-8AB0-985886405D80}.Release|x64.Build.0 = Release|x64
		{FAAF4891-2DDC-406E-8AB0-985886405D80}.Release|x64.Deploy.0 = Release|x64
		{FAAF4891-2DDC-406E-8AB0-985886405D80}.Release|x86.ActiveCfg = Release|Win32
		{FAAF4891-2DDC-406E-8AB0-985886405D80}.Release|x86.Build.0 = Release|Win32
		{FAAF4891-2DDC-406E-8AB0-985886405D80}.Release|x86.Deploy.0 = Release|Win32
	EndGlobalSection
	GlobalSection(SolutionProperties) = preSolution
		HideSolutionNode = FALSE
	EndGlobalSection
	GlobalSection(ExtensibilityGlobals) = postSolution
		SolutionGuid = {5EBBA0FA-E470-489D-8553-F76B3617775B}
	EndGlobalSection
EndGlobal
